
Microsoft Visual Studio Solution File, Format Version 12.00
# Visual Studio Version 16
VisualStudioVersion = 16.0.31729.503
MinimumVisualStudioVersion = 10.0.40219.1
Project("{FAE04EC0-301F-11D3-BF4B-00C04F79EFBC}") = "sign", "sign\sign.csproj", "{48E88999-A09A-4554-A8A3-DBE2B295F02E}"
EndProject
Global
	GlobalSection(SolutionConfigurationPlatforms) = preSolution
		Debug|Any CPU = Debug|Any CPU
		Release|Any CPU = Release|Any CPU
	EndGlobalSection
	GlobalSection(ProjectConfigurationPlatforms) = postSolution
		{48E88999-A09A-4554-A8A3-DBE2B295F02E}.Debug|Any CPU.ActiveCfg = Debug|Any CPU
		{48E88999-A09A-4554-A8A3-DBE2B295F02E}.Debug|Any CPU.Build.0 = Debug|Any CPU
		{48E88999-A09A-4554-A8A3-DBE2B295F02E}.Release|Any CPU.ActiveCfg = Release|Any CPU
		{48E88999-A09A-4554-A8A3-DBE2B295F02E}.Release|Any CPU.Build.0 = Release|Any CPU
	EndGlobalSection
	GlobalSection(SolutionProperties) = preSolution
		HideSolutionNode = FALSE
	EndGlobalSection
	GlobalSection(ExtensibilityGlobals) = postSolution
		SolutionGuid = {AC84CF45-DCC4-499C-A089-FE02BBEC241E}
	EndGlobalSection
EndGlobal
